# This file is autogenerated and supposed to be committed to the git repository.
# Changing this file is not recommended and will likely break the build.

[conda]
_python_abi3_support=1.0=hd8ed1ab_2 @ 2cda1526
aiohappyeyeballs=2.6.1=pyhd8ed1ab_0 @ 2cda1526
aiohttp=3.13.3=py311ha56572f_0 @ 29f41490
aiosignal=1.4.0=pyhd8ed1ab_0 @ 2cda1526
annotated-types=0.7.0=pyhd8ed1ab_1 @ 931c1ab2
anyio=4.12.1=pyhcf101f3_0 @ 931c1ab2
async-timeout=4.0.3=pyhd8ed1ab_0 @ 931c1ab2
attrs=25.4.0=pyhcf101f3_1 @ 2cda1526
aws-c-auth=0.9.3=h2970c50_0 @ 29f41490
aws-c-cal=0.9.13=h46f3b43_1 @ 29f41490
aws-c-common=0.12.6=hfd05255_0 @ 29f41490
aws-c-compression=0.3.1=hcb3a2da_9 @ 29f41490
aws-c-event-stream=0.5.7=ha388e84_1 @ 29f41490
aws-c-http=0.10.7=hc678f4a_5 @ 29f41490
aws-c-io=0.23.3=h0d5b9f9_5 @ 29f41490
aws-c-mqtt=0.13.3=hfa314fa_11 @ 29f41490
aws-c-s3=0.11.3=ha659bf3_1 @ 29f41490
aws-c-sdkutils=0.2.4=hcb3a2da_4 @ 29f41490
aws-checksums=0.2.7=hcb3a2da_5 @ 29f41490
aws-crt-cpp=0.35.4=hca034e6_0 @ 29f41490
aws-sdk-cpp=1.11.606=hac16450_10 @ 29f41490
backports.zstd=1.3.0=py311h71c1bcc_0 @ 29f41490
brotli-python=1.2.0=py311hc5da9e4_1 @ 29f41490
bzip2=1.0.8=h0ad9c76_8 @ 29f41490
c-ares=1.34.6=hfd05255_0 @ 29f41490
ca-certificates=2026.1.4=h4c7d964_0 @ 2cda1526
certifi=2026.1.4=pyhd8ed1ab_0 @ 2cda1526
cffi=2.0.0=py311h3485c13_1 @ 29f41490
charset-normalizer=3.4.4=pyhd8ed1ab_0 @ 2cda1526
ciso8601=2.3.3=py311hf893f09_1 @ 8c491a1c
colorama=0.4.6=pyhd8ed1ab_1 @ 2cda1526
conjure-python-client=3.1.0=pyhd8ed1ab_0 @ 931c1ab2
cpython=3.11.14=py311hd8ed1ab_3 @ 931c1ab2
data-health-api=1.1405.0=py_0 @ aeac16fb
dill=0.4.1=pyhcf101f3_0 @ 2cda1526
docutils=0.22.4=pyhd8ed1ab_0 @ 931c1ab2
exceptiongroup=1.3.1=pyhd8ed1ab_0 @ 2cda1526
foundry-data-sidecar-api=0.966.0=py_0 @ 586315a4
foundry-ml-live-internal-api=1.1159.0=py_0 @ aeac16fb
foundry-platform-sdk=1.69.0=pyhd8ed1ab_0 @ 931c1ab2
foundry-sdk-runtime=2.174.0=py_0 @ 627619cc
frozenlist=1.7.0=py311hdf60d3a_0 @ 29f41490
greenlet=3.3.1=py311h3e6a449_0 @ 8c491a1c
h11=0.16.0=pyhcf101f3_1 @ 931c1ab2
h2=4.3.0=pyhcf101f3_0 @ 2cda1526
hpack=4.1.0=pyhd8ed1ab_0 @ 2cda1526
httpcore=1.0.9=pyh29332c3_0 @ 931c1ab2
httpx=0.28.1=pyhd8ed1ab_0 @ 931c1ab2
hyperframe=6.1.0=pyhd8ed1ab_0 @ 2cda1526
icu=78.2=h637d24d_0 @ 29f41490
idna=3.11=pyhd8ed1ab_0 @ 2cda1526
importlib-metadata=8.7.0=pyhe01879c_1 @ 2cda1526
iniconfig=2.3.0=pyhd8ed1ab_0 @ 2cda1526
json-stream-rs-tokenizer=0.5.0=py311h9468d6e_0 @ 8c491a1c
json_stream=2.4.1=pyhd8ed1ab_0 @ 931c1ab2
jsonpatch=1.33=pyhd8ed1ab_1 @ 931c1ab2
jsonpointer=3.0.0=pyhcf101f3_3 @ 931c1ab2
krb5=1.21.3=hdf4eb48_0 @ 29f41490
langchain=1.2.7=pymin310_h332efcf_0 @ 931c1ab2
langchain-core=1.2.7=pyhd8ed1ab_0 @ 931c1ab2
langchain-text-splitters=0.3.11=pyhd8ed1ab_0 @ 931c1ab2
langgraph=1.0.7=pyhd8ed1ab_0 @ 931c1ab2
langgraph-checkpoint=4.0.0=pyhcf101f3_0 @ 931c1ab2
langgraph-prebuilt=1.0.7=pyhcf101f3_0 @ 931c1ab2
langgraph-sdk=0.3.3=pyhcf101f3_0 @ 931c1ab2
langsmith=0.6.7=pyhd8ed1ab_0 @ 931c1ab2
language-model-service-api=0.3216.2=py_0 @ aeac16fb
libabseil=20250512.1=cxx17_habfad5f_0 @ 29f41490
libarrow=23.0.0=h7d27241_1_cuda @ 8c491a1c
libarrow-acero=23.0.0=h7d8d6a5_1_cuda @ 8c491a1c
libarrow-compute=23.0.0=h2db994a_1_cuda @ 8c491a1c
libarrow-dataset=23.0.0=h7d8d6a5_1_cuda @ 8c491a1c
libarrow-substrait=23.0.0=hf865cc0_1_cuda @ 8c491a1c
libblas=3.11.0=5_hf2e6a31_mkl @ 29f41490
libbrotlicommon=1.2.0=hfd05255_1 @ 29f41490
libbrotlidec=1.2.0=hfd05255_1 @ 29f41490
libbrotlienc=1.2.0=hfd05255_1 @ 29f41490
libcblas=3.11.0=5_h2a3cdd5_mkl @ 29f41490
libcrc32c=1.1.2=h0e60522_0 @ 5332150e
libcurl=8.18.0=h43ecb02_0 @ 29f41490
libevent=2.1.12=h3671451_1 @ 29f41490
libexpat=2.7.3=hac47afa_0 @ 29f41490
libffi=3.5.2=h3d046cb_0 @ 8c491a1c
libgoogle-cloud=2.39.0=h19ee442_0 @ 29f41490
libgoogle-cloud-storage=2.39.0=he04ea4c_0 @ 29f41490
libgrpc=1.73.1=h317e13b_1 @ 29f41490
libhwloc=2.12.2=default_h4379cf1_1000 @ 29f41490
libiconv=1.18=hc1393d2_2 @ 29f41490
liblapack=3.11.0=5_hf9ab0e9_mkl @ 29f41490
liblzma=5.8.2=hfd05255_0 @ 29f41490
libparquet=23.0.0=h7051d1f_1_cuda @ 8c491a1c
libprotobuf=6.31.1=hdcda5b4_4 @ 29f41490
libre2-11=2025.11.05=h0eb2380_0 @ 29f41490
libsqlite=3.51.2=hf5d6505_0 @ 29f41490
libssh2=1.11.1=h9aa295b_0 @ 29f41490
libthrift=0.22.0=h23985f6_1 @ 29f41490
libutf8proc=2.11.3=hb980946_0 @ 29f41490
libwinpthread=12.0.0.r4.gg4f2fc60ca=h57928b3_10 @ 29f41490
libxml2=2.15.1=h779ef1b_1 @ 29f41490
libxml2-16=2.15.1=h3cfd58e_1 @ 29f41490
libzlib=1.3.1=h2466b09_2 @ 29f41490
llvm-openmp=21.1.8=h4fa8253_0 @ 29f41490
lz4-c=1.10.0=h2466b09_1 @ 29f41490
media-reference-api=0.2323.0=py_0 @ aeac16fb
mio-api=0.2323.0=py_0 @ aeac16fb
mkl=2025.3.0=hac47afa_455 @ 29f41490
models-api=0.2014.0=py_0 @ aeac16fb
multidict=6.7.0=py311h3f79411_0 @ 29f41490
numpy=1.26.4=py311h0b4df5a_0 @ 29f41490
openssl=3.6.1=hf411b9b_1 @ 8c491a1c
orc=2.2.2=hbd3206f_0 @ 8c491a1c
orjson=3.11.5=py311h895710e_0 @ 8c491a1c
ormsgpack=1.12.2=py311h3008f79_0 @ 8c491a1c
packaging=25.0=pyh29332c3_1 @ 2cda1526
palantir-layer-pack=0.28.0=py311 @ a7991665
palantir-spark-time=3.24.0=py_0 @ 586315a4
palantir_models=0.2076.0=py311 @ a7991665
pandas=2.3.3=py311h11fd7f3_2 @ 29f41490
pip=26.0=pyh8b19718_0 @ 931c1ab2
pluggy=1.6.0=pyhf9edf01_1 @ 2cda1526
propcache=0.3.1=py311h5082efb_0 @ 29f41490
py-rattler=0.16.0=py310hb39080a_1 @ 8c491a1c
py4j=0.10.9.7=pyhd8ed1ab_0 @ 586315a4
pyarrow=23.0.0=py311h1ea47a8_0 @ 8c491a1c
pyarrow-core=23.0.0=py311h819ed09_0_cuda @ 8c491a1c
pycparser=2.22=pyh29332c3_1 @ 2cda1526
pydantic=2.12.5=pyhcf101f3_1 @ 931c1ab2
pydantic-core=2.41.5=py311hf51aa87_1 @ 8c491a1c
pygments=2.19.2=pyhd8ed1ab_0 @ 931c1ab2
pysocks=1.7.1=pyh09c184e_7 @ 2cda1526
pyspark=3.5.5.25=py_0 @ 586315a4
pyspark-src=3.5.5.25=py_0 @ 586315a4
pytest=9.0.2=pyhcf101f3_0 @ 931c1ab2
pytest-transforms=3.161.0=py_0 @ 586315a4
python=3.11.14=h0159041_3_cpython @ 8c491a1c
python-dateutil=2.9.0.post0=pyhe01879c_2 @ 2cda1526
python-gil=3.11.14=hd8ed1ab_3 @ 931c1ab2
python-tzdata=2025.3=pyhd8ed1ab_0 @ 2cda1526
python-xxhash=3.6.0=py311h2f2c37c_1 @ 8c491a1c
python_abi=3.11=8_cp311 @ 2cda1526
pytz=2025.2=pyhd8ed1ab_0 @ 2cda1526
pyyaml=6.0.3=py311h3f79411_0 @ 29f41490
re2=2025.11.05=ha104f34_0 @ 29f41490
requests=2.32.5=pyhcf101f3_1 @ 2cda1526
requests-toolbelt=1.0.0=pyhd8ed1ab_1 @ 931c1ab2
retrying=1.4.2=pyhe01879c_0 @ 931c1ab2
ruff=0.14.14=h213852a_1 @ 8c491a1c
setuptools=78.1.1=pyhff2d567_0 @ 2cda1526
six=1.17.0=pyhe01879c_1 @ 2cda1526
snappy=1.2.2=h7fa0ca8_1 @ 29f41490
sniffio=1.3.1=pyhd8ed1ab_2 @ 931c1ab2
sqlalchemy=2.0.46=py311hf893f09_1 @ 8c491a1c
tbb=2022.3.0=h3155e25_2 @ 29f41490
tenacity=9.1.2=pyhd8ed1ab_0 @ 931c1ab2
tk=8.6.13=h6ed50ae_3 @ 8c491a1c
tomli=2.4.0=pyhcf101f3_0 @ 2cda1526
tqdm=4.67.2=pyha7b4d00_2 @ 931c1ab2
transforms=3.175.0=py_0 @ aeac16fb
transforms-container-ops-python=0.200.0=py311 @ 5332150e
transforms-preview=0.996.0=py_0 @ aeac16fb
typeguard=4.4.4=pyhd8ed1ab_0 @ 2cda1526
types-python-dateutil=2.9.0.20260124=pyhd8ed1ab_0 @ 931c1ab2
typing-extensions=4.15.0=h396c80c_0 @ 2cda1526
typing-inspection=0.4.2=pyhd8ed1ab_1 @ 931c1ab2
typing_extensions=4.15.0=pyhcf101f3_0 @ 2cda1526
tzdata=2025c=hc9c84f9_1 @ 2cda1526
ucrt=10.0.26100.0=h57928b3_0 @ 29f41490
urllib3=2.6.3=pyhd8ed1ab_0 @ 2cda1526
uuid-utils=0.13.0=py310h9ee1adf_0 @ 8c491a1c
vc=14.3=h41ae7f8_34 @ 29f41490
vc14_runtime=14.44.35208=h818238b_34 @ 29f41490
vcomp14=14.44.35208=h818238b_34 @ 29f41490
vs2015_runtime=14.44.35208=h38c0c73_34 @ 29f41490
wheel=0.46.3=pyhd8ed1ab_0 @ 931c1ab2
win_inet_pton=1.1.0=pyh7428d3b_8 @ 2cda1526
xxhash=0.8.3=h2466b09_0 @ 8c491a1c
yaml=0.2.5=h6a83c73_3 @ 29f41490
yarl=1.22.0=py311h3f79411_0 @ 29f41490
zipp=3.23.0=pyhcf101f3_1 @ 2cda1526
zstandard=0.25.0=py311hf893f09_1 @ 29f41490
zstd=1.5.7=h534d264_6 @ 29f41490

[pip]

[conda-metadata]
29f41490 - win-64 @ conda @ ri.transforms.python.artifacts.repository
2cda1526 - noarch @ conda @ ri.transforms.python.artifacts.repository
5332150e - win-64 @ tar.bz2 @ ri.transforms.python.artifacts.repository
586315a4 - noarch @ tar.bz2 @ ri.transforms.python.artifacts.repository
627619cc - noarch @ tar.bz2 @ ri.python-osdk-asset-bundle.main.artifacts.repository
8c491a1c - win-64 @ conda @ ri.artifacts.repository.artifactory.external-conda-forge
931c1ab2 - noarch @ conda @ ri.artifacts.repository.artifactory.external-conda-forge
a7991665 - win-64 @ tar.bz2 @ ri.artifacts.repository.python-library.models
aeac16fb - noarch @ tar.bz2 @ ri.artifacts.repository.python-library.models

[pip-indices]
ri.python-osdk-asset-bundle.main.artifacts.repository
ri.stemma.main.repository.a9550cf0-488f-419f-b935-9004e067b93f

[cran-repos]
ri.stemma.main.repository.a9550cf0-488f-419f-b935-9004e067b93f

[conda lock version]
v3 - 2166611766ef6ee2c19afff6c4465910c9d5d17b63a72934c01bf06879ee82ca
