# This file is autogenerated and supposed to be committed to the git repository.
# Changing this file is not recommended and will likely break the build.

[conda]
_python_abi3_support=1.0=hd8ed1ab_2 @ 2cda1526
annotated-types=0.7.0=pyhd8ed1ab_1 @ 931c1ab2
anyio=4.10.0=pyhe01879c_0 @ 931c1ab2
aws-c-auth=0.9.0=hd9a66b3_19 @ 29f41490
aws-c-cal=0.9.2=hef2a5b8_1 @ 29f41490
aws-c-common=0.12.4=hfd05255_0 @ 29f41490
aws-c-compression=0.3.1=ha8a2810_6 @ 29f41490
aws-c-event-stream=0.5.5=hccb7587_3 @ 29f41490
aws-c-http=0.10.4=h04b3cea_0 @ 29f41490
aws-c-io=0.21.2=h20b9e97_1 @ 29f41490
aws-c-mqtt=0.13.3=h6b158f5_3 @ 29f41490
aws-c-s3=0.8.6=h46905be_2 @ 29f41490
aws-c-sdkutils=0.2.4=ha8a2810_1 @ 29f41490
aws-checksums=0.2.7=ha8a2810_2 @ 29f41490
aws-crt-cpp=0.33.1=h89ba1a2_2 @ 29f41490
aws-sdk-cpp=1.11.606=h14334ec_1 @ 29f41490
brotli-python=1.1.0=py311h3e6a449_4 @ 8c491a1c
bzip2=1.0.8=h2466b09_7 @ 29f41490
c-ares=1.34.5=h2466b09_0 @ 29f41490
ca-certificates=2025.8.3=h4c7d964_0 @ 2cda1526
certifi=2025.8.3=pyhd8ed1ab_0 @ 2cda1526
cffi=1.17.1=py311h3485c13_1 @ 8c491a1c
charset-normalizer=3.4.3=pyhd8ed1ab_0 @ 2cda1526
colorama=0.4.6=pyhd8ed1ab_1 @ 2cda1526
conjure-python-client=3.1.0=pyhd8ed1ab_0 @ 931c1ab2
cpython=3.11.13=py311hd8ed1ab_0 @ 2cda1526
decorator=5.2.1=pyhd8ed1ab_0 @ 2cda1526
dill=0.4.0=pyhd8ed1ab_0 @ 2cda1526
docutils=0.22=pyhd8ed1ab_0 @ 931c1ab2
exceptiongroup=1.3.0=pyhd8ed1ab_0 @ 2cda1526
foundry-ml-live-internal-api=1.1072.0=py_0 @ aeac16fb
h11=0.16.0=pyhd8ed1ab_0 @ 931c1ab2
h2=4.3.0=pyhcf101f3_0 @ 2cda1526
hpack=4.1.0=pyhd8ed1ab_0 @ 2cda1526
httpcore=1.0.9=pyh29332c3_0 @ 931c1ab2
httpx=0.28.1=pyhd8ed1ab_0 @ 931c1ab2
hyperframe=6.1.0=pyhd8ed1ab_0 @ 2cda1526
idna=3.10=pyhd8ed1ab_1 @ 2cda1526
importlib-metadata=8.7.0=pyhe01879c_1 @ 2cda1526
iniconfig=2.0.0=pyhd8ed1ab_1 @ 2cda1526
jsonpatch=1.33=pyhd8ed1ab_1 @ 931c1ab2
jsonpointer=3.0.0=py311h1ea47a8_2 @ 8c491a1c
krb5=1.21.3=hdf4eb48_0 @ 29f41490
langchain-core=0.3.75=pyhd8ed1ab_0 @ 931c1ab2
langsmith=0.3.45=pyhd8ed1ab_1 @ 931c1ab2
language-model-service-api=0.2368.0=py_0 @ aeac16fb
libabseil=20250512.1=cxx17_habfad5f_0 @ 29f41490
libarrow=21.0.0=h1f0de8a_1_cpu @ 29f41490
libarrow-acero=21.0.0=h7d8d6a5_1_cpu @ 29f41490
libarrow-compute=21.0.0=h5929ab8_1_cpu @ 29f41490
libarrow-dataset=21.0.0=h7d8d6a5_1_cpu @ 29f41490
libarrow-substrait=21.0.0=hf865cc0_1_cpu @ 29f41490
libblas=3.9.0=35_h5709861_mkl @ 8c491a1c
libbrotlicommon=1.1.0=hfd05255_4 @ 29f41490
libbrotlidec=1.1.0=hfd05255_4 @ 29f41490
libbrotlienc=1.1.0=hfd05255_4 @ 29f41490
libcblas=3.9.0=35_h2a3cdd5_mkl @ 8c491a1c
libcrc32c=1.1.2=h0e60522_0 @ 5332150e
libcurl=8.14.1=h88aaa65_0 @ 29f41490
libevent=2.1.12=h3671451_1 @ 29f41490
libexpat=2.7.1=hac47afa_0 @ 29f41490
libffi=3.4.6=h537db12_1 @ 29f41490
libgoogle-cloud=2.39.0=h19ee442_0 @ 29f41490
libgoogle-cloud-storage=2.39.0=he04ea4c_0 @ 29f41490
libgrpc=1.73.1=h04afb49_0 @ 29f41490
libhwloc=2.12.1=default_h88281d1_1000 @ 29f41490
libiconv=1.18=hc1393d2_2 @ 29f41490
liblapack=3.9.0=35_hf9ab0e9_mkl @ 8c491a1c
liblzma=5.8.1=h2466b09_2 @ 29f41490
libparquet=21.0.0=h24c48c9_1_cpu @ 29f41490
libprotobuf=6.31.1=hdcda5b4_1 @ 29f41490
libre2-11=2025.07.22=h0eb2380_0 @ 29f41490
libsqlite=3.50.4=hf5d6505_0 @ 29f41490
libssh2=1.11.1=h9aa295b_0 @ 29f41490
libthrift=0.22.0=h23985f6_1 @ 29f41490
libutf8proc=2.10.0=hff4702e_0 @ 29f41490
libwinpthread=12.0.0.r4.gg4f2fc60ca=h57928b3_9 @ 29f41490
libxml2=2.13.8=h741aa76_1 @ 29f41490
libzlib=1.3.1=h2466b09_2 @ 29f41490
llvm-openmp=21.1.0=hfa2b4ca_0 @ 29f41490
lz4-c=1.10.0=h2466b09_1 @ 29f41490
media-reference-api=0.2019.0=py_0 @ aeac16fb
mio-api=0.2019.0=py_0 @ aeac16fb
mkl=2024.2.2=h57928b3_16 @ 29f41490
models-api=0.1834.0=py_0 @ aeac16fb
numpy=1.26.4=py311h0b4df5a_0 @ 8c491a1c
openssl=3.5.2=h725018a_0 @ 29f41490
orc=2.2.0=h0018cbe_0 @ 29f41490
orjson=3.11.3=py311hf51aa87_1 @ 8c491a1c
packaging=25.0=pyh29332c3_1 @ 2cda1526
palantir-layer-pack=0.28.0=py311 @ a7991665
palantir-spark-time=3.24.0=py_0 @ 586315a4
palantir_models=0.1880.0=py311 @ a7991665
pandas=2.3.2=py311h11fd7f3_0 @ 8c491a1c
pip=25.2=pyh8b19718_0 @ 2cda1526
pluggy=1.6.0=pyhd8ed1ab_0 @ 2cda1526
py-rattler=0.15.0=py310hdba2031_1 @ 8c491a1c
py4j=0.10.9.7=pyhd8ed1ab_0 @ 586315a4
pyarrow=21.0.0=py311h1ea47a8_0 @ 8c491a1c
pyarrow-core=21.0.0=py311ha836b3b_0_cpu @ 8c491a1c
pycparser=2.22=pyh29332c3_1 @ 2cda1526
pydantic=2.11.7=pyh3cfb1c2_0 @ 931c1ab2
pydantic-core=2.33.2=py311hc4022dc_0 @ 8c491a1c
pygments=2.19.2=pyhd8ed1ab_0 @ 931c1ab2
pysocks=1.7.1=pyh09c184e_7 @ 2cda1526
pyspark=3.5.5.23=py_0 @ 586315a4
pyspark-src=3.5.5.23=py_0 @ 586315a4
pytest=8.4.2=pyhd8ed1ab_0 @ 931c1ab2
python=3.11.13=h3f84c4b_0_cpython @ 8c491a1c
python-dateutil=2.9.0.post0=pyhe01879c_2 @ 2cda1526
python-gil=3.11.13=hd8ed1ab_0 @ 2cda1526
python-tzdata=2025.2=pyhd8ed1ab_0 @ 2cda1526
python_abi=3.11=8_cp311 @ 2cda1526
pytz=2025.2=pyhd8ed1ab_0 @ 2cda1526
pyyaml=6.0.2=py311h5082efb_2 @ 8c491a1c
re2=2025.07.22=h3dd2b4f_0 @ 29f41490
requests=2.32.5=pyhd8ed1ab_0 @ 2cda1526
requests-toolbelt=1.0.0=pyhd8ed1ab_1 @ 931c1ab2
ruff=0.12.12=h429b229_0 @ 8c491a1c
setuptools=70.0.0=pyhd8ed1ab_0 @ 2cda1526
six=1.17.0=pyhe01879c_1 @ 2cda1526
snappy=1.2.2=h7fa0ca8_0 @ 29f41490
sniffio=1.3.1=pyhd8ed1ab_1 @ 931c1ab2
tbb=2021.13.0=h18a62a1_3 @ 29f41490
tenacity=9.1.2=pyhd8ed1ab_0 @ 931c1ab2
tk=8.6.13=h2c6b04d_2 @ 29f41490
tomli=2.2.1=pyhe01879c_2 @ 2cda1526
tqdm=4.67.1=pyhd8ed1ab_1 @ 931c1ab2
transforms=3.81.0=py_0 @ aeac16fb
transforms-preview=0.945.1=py_0 @ 586315a4
typeguard=4.4.4=pyhd8ed1ab_0 @ 2cda1526
typing-extensions=4.15.0=h396c80c_0 @ 2cda1526
typing-inspection=0.4.1=pyhd8ed1ab_0 @ 931c1ab2
typing_extensions=4.15.0=pyhcf101f3_0 @ 2cda1526
tzdata=2025b=h78e105d_0 @ 2cda1526
ucrt=10.0.26100.0=h57928b3_0 @ 29f41490
urllib3=2.5.0=pyhd8ed1ab_0 @ 2cda1526
vc=14.3=h41ae7f8_31 @ 29f41490
vc14_runtime=14.44.35208=h818238b_31 @ 29f41490
vcomp14=14.44.35208=h818238b_31 @ 29f41490
vs2015_runtime=14.44.35208=h38c0c73_31 @ 29f41490
wheel=0.45.1=pyhd8ed1ab_1 @ 2cda1526
win_inet_pton=1.1.0=pyh7428d3b_8 @ 2cda1526
yaml=0.2.5=h6a83c73_3 @ 29f41490
zipp=3.23.0=pyhd8ed1ab_0 @ 2cda1526
zstandard=0.23.0=py311h3485c13_3 @ 8c491a1c
zstd=1.5.7=hbeecb71_2 @ 29f41490

[pip]

[conda-metadata]
29f41490 - win-64 @ conda @ ri.transforms.python.artifacts.repository
2cda1526 - noarch @ conda @ ri.transforms.python.artifacts.repository
5332150e - win-64 @ tar.bz2 @ ri.transforms.python.artifacts.repository
586315a4 - noarch @ tar.bz2 @ ri.transforms.python.artifacts.repository
8c491a1c - win-64 @ conda @ ri.artifacts.repository.artifactory.external-conda-forge
931c1ab2 - noarch @ conda @ ri.artifacts.repository.artifactory.external-conda-forge
a7991665 - win-64 @ tar.bz2 @ ri.artifacts.repository.python-library.models
aeac16fb - noarch @ tar.bz2 @ ri.artifacts.repository.python-library.models

[pip-indices]
ri.stemma.main.repository.a9550cf0-488f-419f-b935-9004e067b93f

[cran-repos]
ri.stemma.main.repository.a9550cf0-488f-419f-b935-9004e067b93f

[conda lock version]
v3 - 7781698fd2a0aa8b2a58ba39ca203718d116e5b00d58181333b771960f6dbe2a
