# This file is autogenerated and supposed to be committed to the git repository.
# Changing this file is not recommended and will likely break the build.

[conda]
_libgcc_mutex=0.1=conda_forge @ 6c0115f0
_openmp_mutex=4.5=2_gnu @ 6c0115f0
_python_abi3_support=1.0=hd8ed1ab_2 @ 2cda1526
aiobotocore=2.25.2=pyhcf101f3_0 @ 931c1ab2
aiohappyeyeballs=2.6.1=pyhd8ed1ab_0 @ 2cda1526
aiohttp=3.13.2=py312h27b7581_0 @ 426e1572
aioitertools=0.12.0=pyhd8ed1ab_1 @ 2cda1526
aiosignal=1.4.0=pyhd8ed1ab_0 @ 2cda1526
annotated-types=0.7.0=pyhd8ed1ab_1 @ 931c1ab2
anyio=4.11.0=pyhcf101f3_0 @ 931c1ab2
async-timeout=4.0.3=pyhd8ed1ab_0 @ 931c1ab2
attrs=25.4.0=pyh71513ae_0 @ 2cda1526
aws-c-auth=0.9.1=h194c533_5 @ 426e1572
aws-c-cal=0.9.8=h346e085_0 @ 426e1572
aws-c-common=0.12.5=hb03c661_1 @ ad241afe
aws-c-compression=0.3.1=h7e655bb_8 @ ad241afe
aws-c-event-stream=0.5.6=h1deb5b9_4 @ 426e1572
aws-c-http=0.10.7=had4b759_1 @ 426e1572
aws-c-io=0.23.2=hbff472d_2 @ 426e1572
aws-c-mqtt=0.13.3=h8ba2272_8 @ 426e1572
aws-c-s3=0.8.6=h493c25d_7 @ 426e1572
aws-c-sdkutils=0.2.4=h7e655bb_3 @ ad241afe
aws-checksums=0.2.7=h7e655bb_4 @ ad241afe
aws-crt-cpp=0.35.0=h719b17a_2 @ 426e1572
aws-sdk-cpp=1.11.606=h522d481_6 @ 426e1572
azure-core-cpp=1.16.1=h3a458e0_0 @ 426e1572
azure-identity-cpp=1.13.2=h3a5f585_1 @ 426e1572
azure-storage-blobs-cpp=12.15.0=h2a74896_1 @ 426e1572
azure-storage-common-cpp=12.11.0=h3d7a050_1 @ 426e1572
azure-storage-files-datalake-cpp=12.13.0=hf38f1be_1 @ 426e1572
blinker=1.9.0=pyhff2d567_0 @ 931c1ab2
botocore=1.40.70=pyhd8ed1ab_0 @ 931c1ab2
brotli-python=1.2.0=py312h67db365_0 @ 426e1572
bzip2=1.0.8=hda65f42_8 @ 426e1572
c-ares=1.34.5=hb9d3cd8_0 @ 426e1572
ca-certificates=2025.11.12=hbd8a1cb_0 @ 931c1ab2
certifi=2025.11.12=pyhd8ed1ab_0 @ 931c1ab2
cffi=2.0.0=py312h460c074_1 @ 426e1572
charset-normalizer=3.4.4=pyhd8ed1ab_0 @ 2cda1526
ciso8601=2.3.3=py312h5253ce2_1 @ ad241afe
click=8.3.0=pyh707e725_0 @ 2cda1526
colorama=0.4.6=pyhd8ed1ab_1 @ 2cda1526
conjure-python-client=2.12.0=pyhd8ed1ab_1 @ 2cda1526
cpython=3.12.12=py312hd8ed1ab_1 @ 2cda1526
data-health-api=1.1344.0=py_0 @ aeac16fb
dill=0.4.0=pyhd8ed1ab_0 @ 2cda1526
docutils=0.22.3=pyhd8ed1ab_0 @ 931c1ab2
exceptiongroup=1.3.0=pyhd8ed1ab_0 @ 2cda1526
flask=3.1.2=pyhd8ed1ab_0 @ 931c1ab2
foundry-container-sidecar-api=0.2041.0=py_0 @ aeac16fb
foundry-data-sidecar-api=0.966.0=py_0 @ 586315a4
foundry-logging-lib-python=0.165.0=py_0 @ aeac16fb
foundry-ml-api=3.982.0=py_0 @ aeac16fb
foundry-ml-live-internal-api=1.1121.0=py_0 @ aeac16fb
foundry-platform-sdk=1.63.0=pyhd8ed1ab_0 @ 931c1ab2
foundry-sdk-runtime=2.144.0=py_0 @ 627619cc
foundry-telemetry-service-api=0.1506.0=py_0 @ aeac16fb
foundry-transforms-lib-python=0.985.0=py_0 @ 586315a4
foundry_ml_live_inference=1.1121.0=py_0 @ aeac16fb
frozenlist=1.7.0=py312h447239a_0 @ 426e1572
fsspec=2025.10.0=pyhd8ed1ab_0 @ 2cda1526
gflags=2.2.2=h5888daf_1005 @ 426e1572
glog=0.7.1=hbabe93e_0 @ 426e1572
greenlet=3.2.4=py312h1289d80_1 @ ad241afe
h11=0.16.0=pyhd8ed1ab_0 @ 931c1ab2
h2=4.3.0=pyhcf101f3_0 @ 2cda1526
hpack=4.1.0=pyhd8ed1ab_0 @ 2cda1526
httpcore=1.0.9=pyh29332c3_0 @ 931c1ab2
httpx=0.28.1=pyhd8ed1ab_0 @ 931c1ab2
hyperframe=6.1.0=pyhd8ed1ab_0 @ 2cda1526
icu=75.1=he02047a_0 @ 426e1572
idna=3.11=pyhd8ed1ab_0 @ 2cda1526
importlib-metadata=8.7.0=pyhe01879c_1 @ 2cda1526
iniconfig=2.3.0=pyhd8ed1ab_0 @ 2cda1526
itsdangerous=2.2.0=pyhd8ed1ab_1 @ 931c1ab2
jansson=2.14.1=hb9d3cd8_0 @ ad241afe
jinja2=3.1.6=pyhd8ed1ab_0 @ 931c1ab2
jmespath=1.0.1=pyhd8ed1ab_1 @ 2cda1526
json-stream-rs-tokenizer=0.4.32=py312hd04cf1f_0 @ ad241afe
json_stream=2.4.1=pyhd8ed1ab_0 @ 931c1ab2
jsonpatch=1.33=pyhd8ed1ab_1 @ 931c1ab2
jsonpointer=3.0.0=py312h7900ff3_2 @ ad241afe
keyutils=1.6.3=hb9d3cd8_0 @ 426e1572
krb5=1.21.3=h659f571_0 @ 426e1572
langchain=1.0.5=pymin310_h332efcf_0 @ 931c1ab2
langchain-core=1.0.4=pyhd8ed1ab_0 @ 931c1ab2
langchain-text-splitters=0.3.11=pyhd8ed1ab_0 @ 931c1ab2
langgraph=1.0.3=pyhd8ed1ab_0 @ 931c1ab2
langgraph-checkpoint=3.0.1=pyhcf101f3_0 @ 931c1ab2
langgraph-prebuilt=1.0.2=pyhcf101f3_0 @ 931c1ab2
langgraph-sdk=0.2.9=pyhcf101f3_0 @ 931c1ab2
langsmith=0.3.45=pyhd8ed1ab_1 @ 931c1ab2
language-model-service-api=0.2368.0=py_0 @ aeac16fb
ld_impl_linux-64=2.45=h1aa0949_0 @ ad241afe
libabseil=20250512.1=cxx17_hba17884_0 @ 426e1572
libarrow=22.0.0=h99e40f8_3_cpu @ 426e1572
libarrow-acero=22.0.0=h635bf11_3_cpu @ 426e1572
libarrow-compute=22.0.0=h8c2c5c3_3_cpu @ 426e1572
libarrow-dataset=22.0.0=h635bf11_3_cpu @ 426e1572
libarrow-substrait=22.0.0=h3f74fd7_3_cpu @ 426e1572
libblas=3.9.0=38_h4a7cf45_openblas @ 426e1572
libbrotlicommon=1.2.0=h09219d5_0 @ 426e1572
libbrotlidec=1.2.0=hd53d788_0 @ 426e1572
libbrotlienc=1.2.0=h02bd7ab_0 @ 426e1572
libcblas=3.9.0=38_h0358290_openblas @ 426e1572
libcrc32c=1.1.2=h9c3ff4c_0 @ 6c0115f0
libcurl=8.17.0=h4e3cde8_0 @ 426e1572
libedit=3.1.20250104=pl5321h7949ede_0 @ 426e1572
libev=4.33=hd590300_2 @ 426e1572
libevent=2.1.12=hf998b51_1 @ 426e1572
libexpat=2.7.1=hecca717_0 @ 426e1572
libffi=3.5.2=h9ec8514_0 @ 426e1572
libgcc=15.2.0=h767d61c_7 @ 426e1572
libgcc-ng=15.2.0=h69a702a_7 @ 426e1572
libgfortran=15.2.0=h69a702a_7 @ 426e1572
libgfortran5=15.2.0=hcd61629_7 @ 426e1572
libgomp=15.2.0=h767d61c_7 @ 426e1572
libgoogle-cloud=2.39.0=hdb79228_0 @ 426e1572
libgoogle-cloud-storage=2.39.0=hdbdcf42_0 @ 426e1572
libgrpc=1.73.1=h3288cfb_1 @ 426e1572
libiconv=1.18=h3b78370_2 @ 426e1572
liblapack=3.9.0=38_h47877c9_openblas @ 426e1572
liblzma=5.8.1=hb9d3cd8_2 @ 426e1572
libnghttp2=1.67.0=had1ee68_0 @ 426e1572
libnsl=2.0.1=hb9d3cd8_1 @ 426e1572
libopenblas=0.3.30=pthreads_h94d23a6_3 @ 426e1572
libopentelemetry-cpp=1.21.0=hb9b0907_1 @ 426e1572
libopentelemetry-cpp-headers=1.21.0=ha770c72_1 @ 426e1572
libparquet=22.0.0=h7376487_3_cpu @ 426e1572
libprotobuf=6.31.1=h49aed37_2 @ 426e1572
libre2-11=2025.11.05=h7b12aa8_0 @ 426e1572
libsqlite=3.51.0=hee844dc_0 @ 426e1572
libssh2=1.11.1=hf672d98_0 @ 426e1572
libstdcxx=15.2.0=h8f9b012_7 @ 426e1572
libstdcxx-ng=15.2.0=h4852527_7 @ 426e1572
libthrift=0.22.0=h454ac66_1 @ 426e1572
libutf8proc=2.11.0=hb04c3b8_0 @ 426e1572
libuuid=2.41.2=he9a06e4_0 @ 426e1572
libxcrypt=4.4.36=hd590300_1 @ 426e1572
libxml2=2.15.1=h26afc86_0 @ 426e1572
libxml2-16=2.15.1=ha9997c6_0 @ 426e1572
libzlib=1.3.1=hb9d3cd8_2 @ 426e1572
lz4-c=1.10.0=h5888daf_1 @ 426e1572
markupsafe=3.0.3=py312h8a5da7c_0 @ ad241afe
media-reference-api=0.2184.0=py_0 @ aeac16fb
mio-api=0.2184.0=py_0 @ aeac16fb
models-api=0.1834.0=py_0 @ aeac16fb
multidict=6.6.3=py312h178313f_0 @ 426e1572
ncurses=6.5=h2d0b736_3 @ 426e1572
nlohmann_json=3.12.0=h54a6638_1 @ 426e1572
numpy=1.26.4=py312heda63a1_0 @ 426e1572
openssl=3.6.0=h26f9b46_0 @ ad241afe
orc=2.2.1=hd747db4_0 @ 426e1572
orjson=3.11.4=py312h868fb18_0 @ ad241afe
ormsgpack=1.12.0=py312hb1f2c67_0 @ ad241afe
packaging=25.0=pyh29332c3_1 @ 2cda1526
palantir-layer-pack=0.28.0=py312 @ c37a1747
palantir-spark-time=3.24.0=py_0 @ 586315a4
palantir_models=0.1978.0=py_0 @ aeac16fb
pandas=2.3.3=py312hf79963d_1 @ 426e1572
pcre2=10.46=h1321c63_0 @ ad241afe
pip=25.3=pyh8b19718_0 @ 931c1ab2
pluggy=1.6.0=pyhd8ed1ab_0 @ 2cda1526
polars=1.35.1=pyh6a1acc5_0 @ 2cda1526
polars-runtime-32=1.35.1=py310hffdcd12_0 @ 426e1572
prometheus-cpp=1.3.0=ha5d0236_0 @ 426e1572
propcache=0.3.1=py312h178313f_0 @ 426e1572
psutil=7.1.3=py312h5253ce2_0 @ 426e1572
py-rattler=0.16.0=py310h045cca9_1 @ ad241afe
py4j=0.10.9.7=pyhd8ed1ab_0 @ 586315a4
pyaml=25.7.0=pyhe01879c_0 @ 2cda1526
pyarrow=22.0.0=py312h7900ff3_0 @ 426e1572
pyarrow-core=22.0.0=py312hc195796_0_cpu @ 426e1572
pycparser=2.22=pyh29332c3_1 @ 2cda1526
pydantic=2.12.4=pyh3cfb1c2_0 @ 931c1ab2
pydantic-core=2.41.5=py312h868fb18_1 @ ad241afe
pygments=2.19.2=pyhd8ed1ab_0 @ 931c1ab2
pysocks=1.7.1=pyha55dd90_7 @ 2cda1526
pyspark=3.5.5.25=py_0 @ 586315a4
pyspark-src=3.5.5.25=py_0 @ 586315a4
pytest=9.0.0=pyhcf101f3_0 @ 931c1ab2
pytest-transforms=3.118.1=py_0 @ 586315a4
python=3.12.12=hd63d673_1_cpython @ 426e1572
python-dateutil=2.9.0.post0=pyhe01879c_2 @ 2cda1526
python-decouple=3.8=pyhff2d567_1 @ 931c1ab2
python-gil=3.12.12=hd8ed1ab_1 @ 2cda1526
python-tzdata=2025.2=pyhd8ed1ab_0 @ 2cda1526
python-xxhash=3.6.0=py312h0d868a3_1 @ ad241afe
python_abi=3.12=8_cp312 @ 2cda1526
pytz=2025.2=pyhd8ed1ab_0 @ 2cda1526
pyyaml=6.0.3=py312h8a5da7c_0 @ 426e1572
re2=2025.11.05=h5301d42_0 @ 426e1572
readline=8.2=h8c095d6_2 @ 426e1572
requests=2.32.5=pyhd8ed1ab_0 @ 2cda1526
requests-toolbelt=1.0.0=pyhd8ed1ab_1 @ 931c1ab2
retrying=1.4.2=pyhe01879c_0 @ 931c1ab2
ruff=0.14.4=h813ae00_0 @ 426e1572
s2n=1.6.0=h8399546_1 @ 426e1572
s3fs=2025.10.0=pyhd8ed1ab_0 @ 2cda1526
setuptools=78.1.1=pyhff2d567_0 @ 2cda1526
six=1.17.0=pyhe01879c_1 @ 2cda1526
sls-logging=0.39.0=py_0 @ aeac16fb
snappy=1.2.2=h03e3b7b_1 @ ad241afe
sniffio=1.3.1=pyhd8ed1ab_2 @ 931c1ab2
sqlalchemy=2.0.44=py312h4c3975b_0 @ ad241afe
tables-api=0.1066.0=py_0 @ 586315a4
tenacity=9.1.2=pyhd8ed1ab_0 @ 931c1ab2
tk=8.6.13=noxft_ha0e22de_103 @ ad241afe
tomli=2.3.0=pyhcf101f3_0 @ 2cda1526
tqdm=4.67.1=pyhd8ed1ab_1 @ 931c1ab2
transforms=3.142.0=py_0 @ aeac16fb
transforms-container-ops-python=0.169.0rc1=py312 @ b58216b5
transforms-preview=0.1083.0=py_0 @ aeac16fb
typeguard=4.4.4=pyhd8ed1ab_0 @ 2cda1526
types-python-dateutil=2.9.0.20251108=pyhd8ed1ab_0 @ 931c1ab2
typing-extensions=4.15.0=h396c80c_0 @ 2cda1526
typing-inspection=0.4.2=pyhd8ed1ab_0 @ 931c1ab2
typing_extensions=4.15.0=pyhcf101f3_0 @ 2cda1526
tzdata=2025b=h78e105d_0 @ 2cda1526
urllib3=2.5.0=pyhd8ed1ab_0 @ 2cda1526
uwsgi=2.0.31=py312h70fdf7e_0 @ ad241afe
werkzeug=3.1.3=pyhd8ed1ab_1 @ 931c1ab2
wheel=0.45.1=pyhd8ed1ab_1 @ 2cda1526
wrapt=1.17.3=py312h4c3975b_1 @ 426e1572
xxhash=0.8.3=hb47aa4a_0 @ ad241afe
yaml=0.2.5=h280c20c_3 @ 426e1572
yarl=1.22.0=py312h8a5da7c_0 @ 426e1572
zipp=3.23.0=pyhd8ed1ab_0 @ 2cda1526
zlib=1.3.1=hb9d3cd8_2 @ 426e1572
zstandard=0.23.0=py312h4c3975b_3 @ 426e1572
zstd=1.5.7=hb8e6e7a_2 @ 426e1572

[pip]

[conda-metadata]
2cda1526 - noarch @ conda @ ri.transforms.python.artifacts.repository
426e1572 - linux-64 @ conda @ ri.transforms.python.artifacts.repository
586315a4 - noarch @ tar.bz2 @ ri.transforms.python.artifacts.repository
627619cc - noarch @ tar.bz2 @ ri.python-osdk-asset-bundle.main.artifacts.repository
6c0115f0 - linux-64 @ tar.bz2 @ ri.transforms.python.artifacts.repository
931c1ab2 - noarch @ conda @ ri.artifacts.repository.artifactory.external-conda-forge
ad241afe - linux-64 @ conda @ ri.artifacts.repository.artifactory.external-conda-forge
aeac16fb - noarch @ tar.bz2 @ ri.artifacts.repository.python-library.models
b58216b5 - linux-64 @ tar.bz2 @ ri.transforms-addons-bundle..artifacts.bundle
c37a1747 - linux-64 @ tar.bz2 @ ri.artifacts.repository.python-library.models

[pip-indices]
ri.python-osdk-asset-bundle.main.artifacts.repository
ri.stemma.main.repository.a9550cf0-488f-419f-b935-9004e067b93f

[cran-repos]
ri.stemma.main.repository.a9550cf0-488f-419f-b935-9004e067b93f

[conda lock version]
v3 - d931e9eb6598773d0f11353eb0667530c9d5d17b63a72934c01bf06879ee82ca
