# This file is autogenerated and supposed to be committed to the git repository.
# Changing this file is not recommended and will likely break the build.

[conda]
_libgcc_mutex=0.1=conda_forge @ 6c0115f0
_openmp_mutex=4.5=2_gnu @ 6c0115f0
_python_abi3_support=1.0=hd8ed1ab_2 @ 2cda1526
aiobotocore=2.25.0=pyhcf101f3_0 @ 931c1ab2
aiohappyeyeballs=2.6.1=pyhd8ed1ab_0 @ 2cda1526
aiohttp=3.13.0=py312h033f2cf_0 @ ad241afe
aioitertools=0.12.0=pyhd8ed1ab_1 @ 2cda1526
aiosignal=1.4.0=pyhd8ed1ab_0 @ 2cda1526
annotated-types=0.7.0=pyhd8ed1ab_1 @ 931c1ab2
anyio=4.11.0=pyhcf101f3_0 @ 931c1ab2
attrs=25.4.0=pyh71513ae_0 @ 931c1ab2
aws-c-auth=0.9.1=h48c9088_3 @ 426e1572
aws-c-cal=0.9.2=he7b75e1_1 @ 426e1572
aws-c-common=0.12.4=hb03c661_0 @ 426e1572
aws-c-compression=0.3.1=h92c474e_6 @ 426e1572
aws-c-event-stream=0.5.6=h82d11aa_3 @ 426e1572
aws-c-http=0.10.4=h94feff3_3 @ 426e1572
aws-c-io=0.22.0=h57f3b0d_1 @ 426e1572
aws-c-mqtt=0.13.3=h2b1cf8c_6 @ 426e1572
aws-c-s3=0.8.6=h4e5ac4b_5 @ 426e1572
aws-c-sdkutils=0.2.4=h92c474e_1 @ 426e1572
aws-checksums=0.2.7=h92c474e_2 @ 426e1572
aws-crt-cpp=0.34.4=h60c762c_0 @ 426e1572
aws-sdk-cpp=1.11.606=h32384e2_4 @ 426e1572
azure-core-cpp=1.16.0=h3a458e0_1 @ 426e1572
azure-identity-cpp=1.12.0=ha729027_0 @ 426e1572
azure-storage-blobs-cpp=12.14.0=hb1c9500_1 @ 426e1572
azure-storage-common-cpp=12.10.0=hebae86a_2 @ 426e1572
azure-storage-files-datalake-cpp=12.12.0=h8b27e44_3 @ 426e1572
blinker=1.9.0=pyhff2d567_0 @ 931c1ab2
botocore=1.40.49=pyhd8ed1ab_0 @ 931c1ab2
brotli-python=1.1.0=py312h1289d80_4 @ 426e1572
bzip2=1.0.8=hda65f42_8 @ 426e1572
c-ares=1.34.5=hb9d3cd8_0 @ 426e1572
ca-certificates=2025.10.5=hbd8a1cb_0 @ 2cda1526
certifi=2025.10.5=pyhd8ed1ab_0 @ 2cda1526
cffi=2.0.0=py312h35888ee_0 @ 426e1572
charset-normalizer=3.4.4=pyhd8ed1ab_0 @ 931c1ab2
click=8.3.0=pyh707e725_0 @ 2cda1526
colorama=0.4.6=pyhd8ed1ab_1 @ 2cda1526
conjure-python-client=2.12.0=pyhd8ed1ab_1 @ 2cda1526
cpython=3.12.12=py312hd8ed1ab_0 @ 931c1ab2
data-health-api=1.1316.0=py_0 @ aeac16fb
decorator=5.2.1=pyhd8ed1ab_0 @ 2cda1526
dill=0.4.0=pyhd8ed1ab_0 @ 2cda1526
docutils=0.22.2=pyhd8ed1ab_0 @ 931c1ab2
exceptiongroup=1.3.0=pyhd8ed1ab_0 @ 2cda1526
flask=3.1.2=pyhd8ed1ab_0 @ 931c1ab2
foundry-container-sidecar-api=0.2006.0=py_0 @ aeac16fb
foundry-data-sidecar-api=0.836.0=py_0 @ 586315a4
foundry-logging-lib-python=0.164.0=py_0 @ aeac16fb
foundry-ml-api=3.962.0=py_0 @ aeac16fb
foundry-ml-live-internal-api=1.1096.0=py_0 @ aeac16fb
foundry-telemetry-service-api=0.1457.0=py_0 @ aeac16fb
foundry-transforms-lib-python=0.958.0=py_0 @ aeac16fb
foundry_ml_live_inference=1.1096.0=py_0 @ aeac16fb
frozenlist=1.7.0=py312h447239a_0 @ 426e1572
fsspec=2025.9.0=pyhd8ed1ab_0 @ 2cda1526
gflags=2.2.2=h5888daf_1005 @ 426e1572
glog=0.7.1=hbabe93e_0 @ 426e1572
h11=0.16.0=pyhd8ed1ab_0 @ 931c1ab2
h2=4.3.0=pyhcf101f3_0 @ 2cda1526
hpack=4.1.0=pyhd8ed1ab_0 @ 2cda1526
httpcore=1.0.9=pyh29332c3_0 @ 931c1ab2
httpx=0.28.1=pyhd8ed1ab_0 @ 931c1ab2
hyperframe=6.1.0=pyhd8ed1ab_0 @ 2cda1526
icu=75.1=he02047a_0 @ 426e1572
idna=3.11=pyhd8ed1ab_0 @ 931c1ab2
importlib-metadata=8.7.0=pyhe01879c_1 @ 2cda1526
iniconfig=2.3.0=pyhd8ed1ab_0 @ 931c1ab2
itsdangerous=2.2.0=pyhd8ed1ab_1 @ 931c1ab2
jansson=2.14.1=hb9d3cd8_0 @ ad241afe
jinja2=3.1.6=pyhd8ed1ab_0 @ 931c1ab2
jmespath=1.0.1=pyhd8ed1ab_1 @ 2cda1526
jsonpatch=1.33=pyhd8ed1ab_1 @ 931c1ab2
jsonpointer=3.0.0=py312h7900ff3_2 @ ad241afe
keyutils=1.6.3=hb9d3cd8_0 @ 426e1572
krb5=1.21.3=h659f571_0 @ 426e1572
langchain-core=1.0.0=pyhd8ed1ab_0 @ 931c1ab2
langsmith=0.3.45=pyhd8ed1ab_1 @ 931c1ab2
language-model-service-api=0.2368.0=py_0 @ aeac16fb
ld_impl_linux-64=2.44=ha97dd6f_2 @ 426e1572
libabseil=20250512.1=cxx17_hba17884_0 @ 426e1572
libarrow=21.0.0=h56a6dad_8_cpu @ 426e1572
libarrow-acero=21.0.0=h635bf11_8_cpu @ 426e1572
libarrow-compute=21.0.0=h8c2c5c3_8_cpu @ 426e1572
libarrow-dataset=21.0.0=h635bf11_8_cpu @ 426e1572
libarrow-substrait=21.0.0=h3f74fd7_8_cpu @ 426e1572
libblas=3.9.0=37_h4a7cf45_openblas @ ad241afe
libbrotlicommon=1.1.0=hb03c661_4 @ 426e1572
libbrotlidec=1.1.0=hb03c661_4 @ 426e1572
libbrotlienc=1.1.0=hb03c661_4 @ 426e1572
libcblas=3.9.0=37_h0358290_openblas @ ad241afe
libcrc32c=1.1.2=h9c3ff4c_0 @ 6c0115f0
libcurl=8.14.1=h332b0f4_0 @ 426e1572
libedit=3.1.20250104=pl5321h7949ede_0 @ 426e1572
libev=4.33=hd590300_2 @ 426e1572
libevent=2.1.12=hf998b51_1 @ 426e1572
libexpat=2.7.1=hecca717_0 @ 426e1572
libffi=3.4.6=h2dba641_1 @ 426e1572
libgcc=15.2.0=h767d61c_7 @ ad241afe
libgcc-ng=15.2.0=h69a702a_7 @ ad241afe
libgfortran=15.2.0=h69a702a_7 @ ad241afe
libgfortran5=15.2.0=hcd61629_7 @ ad241afe
libgomp=15.2.0=h767d61c_7 @ ad241afe
libgoogle-cloud=2.39.0=hdb79228_0 @ 426e1572
libgoogle-cloud-storage=2.39.0=hdbdcf42_0 @ 426e1572
libgrpc=1.73.1=h1e535eb_0 @ 426e1572
libiconv=1.18=h3b78370_2 @ 426e1572
liblapack=3.9.0=37_h47877c9_openblas @ ad241afe
liblzma=5.8.1=hb9d3cd8_2 @ 426e1572
libnghttp2=1.67.0=had1ee68_0 @ 426e1572
libnsl=2.0.1=hb9d3cd8_1 @ 426e1572
libopenblas=0.3.30=pthreads_h94d23a6_2 @ 426e1572
libopentelemetry-cpp=1.21.0=hb9b0907_1 @ 426e1572
libopentelemetry-cpp-headers=1.21.0=ha770c72_1 @ 426e1572
libparquet=21.0.0=h790f06f_8_cpu @ 426e1572
libprotobuf=6.31.1=h49aed37_2 @ ad241afe
libre2-11=2025.08.12=h7b12aa8_1 @ 426e1572
libsqlite=3.50.4=h0c1763c_0 @ 426e1572
libssh2=1.11.1=hcf80075_0 @ 426e1572
libstdcxx=15.2.0=h8f9b012_7 @ ad241afe
libstdcxx-ng=15.2.0=h4852527_7 @ ad241afe
libthrift=0.22.0=h454ac66_1 @ 426e1572
libutf8proc=2.11.0=hb04c3b8_0 @ 426e1572
libuuid=2.41.2=he9a06e4_0 @ 426e1572
libxcrypt=4.4.36=hd590300_1 @ 426e1572
libxml2=2.13.8=h04c0eec_1 @ ad241afe
libzlib=1.3.1=hb9d3cd8_2 @ 426e1572
lz4-c=1.10.0=h5888daf_1 @ 426e1572
markupsafe=3.0.3=py312h8a5da7c_0 @ ad241afe
media-reference-api=0.2113.0=py_0 @ aeac16fb
mio-api=0.2113.0=py_0 @ aeac16fb
models-api=0.1834.0=py_0 @ aeac16fb
multidict=6.6.3=py312h178313f_0 @ 426e1572
ncurses=6.5=h2d0b736_3 @ 426e1572
nlohmann_json=3.12.0=h54a6638_1 @ 426e1572
numpy=1.26.4=py312heda63a1_0 @ 426e1572
openssl=3.5.4=h26f9b46_0 @ 426e1572
orc=2.2.1=hd747db4_0 @ 426e1572
orjson=3.11.3=py312h868fb18_1 @ ad241afe
packaging=25.0=pyh29332c3_1 @ 2cda1526
palantir-layer-pack=0.28.0=py312 @ c37a1747
palantir-spark-time=3.24.0=py_0 @ 586315a4
palantir_models=0.1947.0=py_0 @ aeac16fb
pandas=2.3.3=py312hf79963d_1 @ 426e1572
pcre2=10.46=h1321c63_0 @ ad241afe
pip=25.2=pyh8b19718_0 @ 2cda1526
pluggy=1.6.0=pyhd8ed1ab_0 @ 2cda1526
polars=1.34.0=pyh6a1acc5_0 @ 931c1ab2
polars-runtime-32=1.34.0=py310hffdcd12_0 @ ad241afe
prometheus-cpp=1.3.0=ha5d0236_0 @ 426e1572
propcache=0.3.1=py312h178313f_0 @ 426e1572
psutil=7.1.0=py312h4c3975b_0 @ 426e1572
py-rattler=0.16.0=py310h045cca9_1 @ ad241afe
py4j=0.10.9.7=pyhd8ed1ab_0 @ 586315a4
pyaml=25.7.0=pyhe01879c_0 @ 2cda1526
pyarrow=21.0.0=py312h7900ff3_1 @ 426e1572
pyarrow-core=21.0.0=py312hc195796_1_cpu @ 426e1572
pycparser=2.22=pyh29332c3_1 @ 2cda1526
pydantic=2.12.3=pyh3cfb1c2_0 @ 931c1ab2
pydantic-core=2.41.4=py312h868fb18_0 @ ad241afe
pygments=2.19.2=pyhd8ed1ab_0 @ 931c1ab2
pysocks=1.7.1=pyha55dd90_7 @ 2cda1526
pyspark=3.5.5.25=py_0 @ 586315a4
pyspark-src=3.5.5.25=py_0 @ 586315a4
pytest=8.4.2=pyhd8ed1ab_0 @ 931c1ab2
python=3.12.12=hfe2f287_0_cpython @ ad241afe
python-dateutil=2.9.0.post0=pyhe01879c_2 @ 2cda1526
python-decouple=3.8=pyhff2d567_1 @ 931c1ab2
python-gil=3.12.12=hd8ed1ab_0 @ 931c1ab2
python-tzdata=2025.2=pyhd8ed1ab_0 @ 2cda1526
python_abi=3.12=8_cp312 @ 2cda1526
pytz=2025.2=pyhd8ed1ab_0 @ 2cda1526
pyyaml=6.0.3=py312h8a5da7c_0 @ 426e1572
re2=2025.08.12=h5301d42_1 @ 426e1572
readline=8.2=h8c095d6_2 @ 426e1572
requests=2.32.5=pyhd8ed1ab_0 @ 2cda1526
requests-toolbelt=1.0.0=pyhd8ed1ab_1 @ 931c1ab2
ruff=0.14.1=ha3a3aed_0 @ ad241afe
s2n=1.5.26=h5ac9029_0 @ 426e1572
s3fs=2025.9.0=pyhd8ed1ab_0 @ 2cda1526
setuptools=78.1.1=pyhff2d567_0 @ 931c1ab2
six=1.17.0=pyhe01879c_1 @ 2cda1526
sls-logging=0.39.0=py_0 @ aeac16fb
snappy=1.2.2=h03e3b7b_0 @ 426e1572
sniffio=1.3.1=pyhd8ed1ab_1 @ 931c1ab2
tables-api=0.1066.0=py_0 @ 586315a4
tenacity=9.1.2=pyhd8ed1ab_0 @ 931c1ab2
tk=8.6.13=noxft_hd72426e_102 @ 426e1572
tomli=2.3.0=pyhcf101f3_0 @ 931c1ab2
tqdm=4.67.1=pyhd8ed1ab_1 @ 931c1ab2
transforms=3.115.0=py_0 @ aeac16fb
transforms-container-ops-python=0.151.0=py312 @ c37a1747
transforms-preview=0.1049.0=py_0 @ aeac16fb
typeguard=4.4.4=pyhd8ed1ab_0 @ 2cda1526
typing-extensions=4.15.0=h396c80c_0 @ 2cda1526
typing-inspection=0.4.2=pyhd8ed1ab_0 @ 931c1ab2
typing_extensions=4.15.0=pyhcf101f3_0 @ 2cda1526
tzdata=2025b=h78e105d_0 @ 2cda1526
urllib3=2.5.0=pyhd8ed1ab_0 @ 2cda1526
uwsgi=2.0.30=py312hdd5d7da_1 @ ad241afe
werkzeug=3.1.3=pyhd8ed1ab_1 @ 931c1ab2
wheel=0.45.1=pyhd8ed1ab_1 @ 2cda1526
wrapt=1.17.3=py312h4c3975b_1 @ 426e1572
yaml=0.2.5=h280c20c_3 @ 426e1572
yarl=1.20.1=py312h178313f_0 @ 426e1572
zipp=3.23.0=pyhd8ed1ab_0 @ 2cda1526
zlib=1.3.1=hb9d3cd8_2 @ 426e1572
zstandard=0.23.0=py312h4c3975b_3 @ 426e1572
zstd=1.5.7=hb8e6e7a_2 @ 426e1572

[pip]

[conda-metadata]
2cda1526 - noarch @ conda @ ri.transforms.python.artifacts.repository
426e1572 - linux-64 @ conda @ ri.transforms.python.artifacts.repository
586315a4 - noarch @ tar.bz2 @ ri.transforms.python.artifacts.repository
6c0115f0 - linux-64 @ tar.bz2 @ ri.transforms.python.artifacts.repository
931c1ab2 - noarch @ conda @ ri.artifacts.repository.artifactory.external-conda-forge
ad241afe - linux-64 @ conda @ ri.artifacts.repository.artifactory.external-conda-forge
aeac16fb - noarch @ tar.bz2 @ ri.artifacts.repository.python-library.models
c37a1747 - linux-64 @ tar.bz2 @ ri.artifacts.repository.python-library.models

[pip-indices]
ri.stemma.main.repository.a9550cf0-488f-419f-b935-9004e067b93f

[cran-repos]
ri.stemma.main.repository.a9550cf0-488f-419f-b935-9004e067b93f

[conda lock version]
v3 - e25f3c7d84aa65e8fd03178fc3d54f81d116e5b00d58181333b771960f6dbe2a
