# This file is autogenerated and supposed to be committed to the git repository.
# Changing this file is not recommended and will likely break the build.

[conda]
_python_abi3_support=1.0=hd8ed1ab_2 @ 2cda1526
aiohappyeyeballs=2.6.1=pyhd8ed1ab_0 @ 2cda1526
aiohttp=3.12.7=py312h31fea79_0 @ 8c491a1c
aiosignal=1.3.2=pyhd8ed1ab_0 @ 2cda1526
annotated-types=0.7.0=pyhd8ed1ab_1 @ 931c1ab2
anyio=4.9.0=pyh29332c3_0 @ 931c1ab2
async-timeout=4.0.3=pyhd8ed1ab_0 @ 931c1ab2
attrs=25.3.0=pyh71513ae_0 @ 2cda1526
aws-c-auth=0.9.0=hf0c1250_10 @ 29f41490
aws-c-cal=0.9.1=hd8a8e38_0 @ 29f41490
aws-c-common=0.12.3=h2466b09_0 @ 29f41490
aws-c-compression=0.3.1=h5d0e663_5 @ 29f41490
aws-c-event-stream=0.5.4=hf27a43c_10 @ 29f41490
aws-c-http=0.10.1=hcc73f11_3 @ 29f41490
aws-c-io=0.19.1=hca30057_2 @ 8c491a1c
aws-c-mqtt=0.13.1=h78aaacf_0 @ 8c491a1c
aws-c-s3=0.8.0=hd6228ca_1 @ 29f41490
aws-c-sdkutils=0.2.4=h5d0e663_0 @ 29f41490
aws-checksums=0.2.7=h5d0e663_1 @ 29f41490
aws-crt-cpp=0.32.8=ha558621_1 @ 8c491a1c
aws-sdk-cpp=1.11.510=h7deb975_10 @ 8c491a1c
brotli-python=1.1.0=py312h275cf98_2 @ 8c491a1c
bzip2=1.0.8=h2466b09_7 @ 29f41490
c-ares=1.34.5=h2466b09_0 @ 29f41490
ca-certificates=2025.4.26=h4c7d964_0 @ 2cda1526
certifi=2025.4.26=pyhd8ed1ab_0 @ 2cda1526
cffi=1.17.1=py312h4389bb4_0 @ 8c491a1c
charset-normalizer=3.4.2=pyhd8ed1ab_0 @ 2cda1526
colorama=0.4.6=pyhd8ed1ab_1 @ 2cda1526
conjure-python-client=2.12.0=pyhd8ed1ab_1 @ 2cda1526
cpython=3.12.11=py312hd8ed1ab_0 @ 931c1ab2
decorator=5.2.1=pyhd8ed1ab_0 @ 2cda1526
dill=0.4.0=pyhd8ed1ab_0 @ 2cda1526
distro=1.9.0=pyhd8ed1ab_1 @ 931c1ab2
docutils=0.21.2=pyhd8ed1ab_1 @ 931c1ab2
exceptiongroup=1.3.0=pyhd8ed1ab_0 @ 2cda1526
foundry-ml-live-internal-api=1.1039.0=py_0 @ aeac16fb
frozenlist=1.6.0=py312h501e844_0 @ 8c491a1c
future=1.0.0=pyhd8ed1ab_2 @ 2cda1526
greenlet=3.2.2=py312h275cf98_0 @ 8c491a1c
h11=0.16.0=pyhd8ed1ab_0 @ 931c1ab2
h2=4.2.0=pyhd8ed1ab_0 @ 2cda1526
hpack=4.1.0=pyhd8ed1ab_0 @ 2cda1526
httpcore=1.0.9=pyh29332c3_0 @ 931c1ab2
httpx=0.28.1=pyhd8ed1ab_0 @ 931c1ab2
hyperframe=6.1.0=pyhd8ed1ab_0 @ 2cda1526
idna=3.10=pyhd8ed1ab_1 @ 2cda1526
importlib-metadata=8.7.0=pyhe01879c_1 @ 2cda1526
iniconfig=2.0.0=pyhd8ed1ab_1 @ 2cda1526
intel-openmp=2024.2.1=h57928b3_1083 @ 29f41490
jiter=0.10.0=py312h2615798_0 @ 8c491a1c
jsonpatch=1.33=pyhd8ed1ab_1 @ 931c1ab2
jsonpointer=3.0.0=py312h2e8e312_1 @ 8c491a1c
krb5=1.21.3=hdf4eb48_0 @ 29f41490
langchain=0.3.25=pymin312_hff2d567_0 @ 931c1ab2
langchain-core=0.3.63=pyhd8ed1ab_0 @ 931c1ab2
langchain-openai=0.3.19=pyhd8ed1ab_0 @ 931c1ab2
langchain-text-splitters=0.3.8=pyhd8ed1ab_0 @ 931c1ab2
langsmith=0.3.42=pyhd8ed1ab_0 @ 931c1ab2
language-model-service-api=0.2368.0=py_0 @ aeac16fb
libabseil=20250127.1=cxx17_h4eb7d71_0 @ 29f41490
libarrow=20.0.0=hc090743_6_cpu @ 8c491a1c
libarrow-acero=20.0.0=h7d8d6a5_6_cpu @ 8c491a1c
libarrow-dataset=20.0.0=h7d8d6a5_6_cpu @ 8c491a1c
libarrow-substrait=20.0.0=hb76e781_6_cpu @ 8c491a1c
libblas=3.9.0=31_h641d27c_mkl @ 29f41490
libbrotlicommon=1.1.0=h2466b09_2 @ 29f41490
libbrotlidec=1.1.0=h2466b09_2 @ 29f41490
libbrotlienc=1.1.0=h2466b09_2 @ 29f41490
libcblas=3.9.0=31_h5e41251_mkl @ 29f41490
libcrc32c=1.1.2=h0e60522_0 @ 5332150e
libcurl=8.14.1=h88aaa65_0 @ 8c491a1c
libevent=2.1.12=h3671451_1 @ 29f41490
libexpat=2.7.0=he0c23c2_0 @ 29f41490
libffi=3.4.6=h537db12_1 @ 29f41490
libgoogle-cloud=2.36.0=hf249c01_1 @ 29f41490
libgoogle-cloud-storage=2.36.0=he5eb982_1 @ 29f41490
libgrpc=1.71.0=h8c3449c_1 @ 29f41490
libhwloc=2.11.2=default_ha69328c_1001 @ 29f41490
libiconv=1.18=h135ad9c_1 @ 29f41490
liblapack=3.9.0=31_h1aa476e_mkl @ 29f41490
liblzma=5.8.1=h2466b09_1 @ 29f41490
libparquet=20.0.0=ha850022_6_cpu @ 8c491a1c
libprotobuf=5.29.3=he9d8c4a_1 @ 29f41490
libre2-11=2024.07.02=hd248061_3 @ 29f41490
libsqlite=3.50.0=h67fdade_0 @ 8c491a1c
libssh2=1.11.1=h9aa295b_0 @ 29f41490
libthrift=0.21.0=hbe90ef8_0 @ 29f41490
libutf8proc=2.10.0=hff4702e_0 @ 29f41490
libwinpthread=12.0.0.r4.gg4f2fc60ca=h57928b3_9 @ 29f41490
libxml2=2.13.8=h442d1da_0 @ 29f41490
libzlib=1.3.1=h2466b09_2 @ 29f41490
lz4-c=1.10.0=h2466b09_1 @ 29f41490
media-reference-api=0.1841.0=py_0 @ aeac16fb
mio-api=0.1841.0=py_0 @ aeac16fb
mkl=2024.2.2=h66d3029_15 @ 29f41490
models-api=0.1722.0=py_0 @ aeac16fb
multidict=6.4.4=py312h31fea79_0 @ 8c491a1c
numpy=1.26.4=py312h8753938_0 @ 8c491a1c
openai=1.84.0=pyhd8ed1ab_0 @ 931c1ab2
openssl=3.5.0=ha4e3fda_1 @ 29f41490
orc=2.1.2=h35764e3_0 @ 29f41490
orjson=3.10.18=py312h8422cdd_1 @ 8c491a1c
packaging=24.2=pyhd8ed1ab_2 @ 2cda1526
palantir-layer-pack=0.28.0=py312 @ a7991665
palantir-spark-time=3.24.0=py_0 @ 586315a4
palantir_models=0.1745.0=py312 @ a7991665
pandas=2.2.3=py312h72972c8_3 @ 8c491a1c
pip=25.1.1=pyh8b19718_0 @ 2cda1526
pluggy=1.6.0=pyhd8ed1ab_0 @ 2cda1526
propcache=0.3.1=py312h31fea79_0 @ 8c491a1c
py-rattler=0.14.0=py39hb65b0b0_0 @ 8c491a1c
py4j=0.10.9.7=pyhd8ed1ab_0 @ 586315a4
pyarrow=20.0.0=py312h2e8e312_0 @ 8c491a1c
pyarrow-core=20.0.0=py312h6a9c419_0_cpu @ 8c491a1c
pycparser=2.22=pyh29332c3_1 @ 2cda1526
pydantic=2.11.4=pyh3cfb1c2_0 @ 931c1ab2
pydantic-core=2.33.2=py312h8422cdd_0 @ 8c491a1c
pygments=2.19.1=pyhd8ed1ab_0 @ 931c1ab2
pysocks=1.7.1=pyh09c184e_7 @ 2cda1526
pyspark=3.5.1.47=py_0 @ 586315a4
pyspark-src=3.5.1.47=py_0 @ 586315a4
pytest=8.4.0=pyhd8ed1ab_0 @ 931c1ab2
pytest-randomly=3.15.0=pyhd8ed1ab_0 @ 931c1ab2
pytest-transforms=2.345.0=py_0 @ 586315a4
python=3.12.11=h3f84c4b_0_cpython @ 8c491a1c
python-dateutil=2.9.0.post0=pyhff2d567_1 @ 2cda1526
python-gil=3.12.11=hd8ed1ab_0 @ 931c1ab2
python-tzdata=2025.2=pyhd8ed1ab_0 @ 2cda1526
python_abi=3.12=7_cp312 @ 2cda1526
pytz=2025.2=pyhd8ed1ab_0 @ 2cda1526
pyyaml=6.0.2=py312h31fea79_2 @ 8c491a1c
re2=2024.07.02=haf4117d_3 @ 29f41490
regex=2024.11.6=py312h4389bb4_0 @ 8c491a1c
requests=2.32.3=pyhd8ed1ab_1 @ 2cda1526
requests-toolbelt=1.0.0=pyhd8ed1ab_1 @ 931c1ab2
ruff=0.11.12=py312h24a9d25_0 @ 8c491a1c
setuptools=70.0.0=pyhd8ed1ab_0 @ 2cda1526
six=1.17.0=pyhd8ed1ab_0 @ 2cda1526
snappy=1.2.1=h500f7fa_1 @ 29f41490
sniffio=1.3.1=pyhd8ed1ab_1 @ 931c1ab2
sqlalchemy=2.0.41=py312h4389bb4_0 @ 8c491a1c
tbb=2021.13.0=h62715c5_1 @ 29f41490
tenacity=9.1.2=pyhd8ed1ab_0 @ 931c1ab2
tiktoken=0.9.0=py312h21dd274_0 @ 8c491a1c
tk=8.6.13=h2c6b04d_2 @ 29f41490
tomli=2.2.1=pyhd8ed1ab_1 @ 2cda1526
tqdm=4.67.1=pyhd8ed1ab_1 @ 931c1ab2
transforms=2.356.0=py_0 @ aeac16fb
transforms-preview=0.830.0=py_0 @ aeac16fb
typeguard=4.4.3=pyhd8ed1ab_0 @ 931c1ab2
typing-extensions=4.14.0=h32cad80_0 @ 931c1ab2
typing-inspection=0.4.1=pyhd8ed1ab_0 @ 931c1ab2
typing_extensions=4.14.0=pyhe01879c_0 @ 931c1ab2
tzdata=2025b=h78e105d_0 @ 2cda1526
ucrt=10.0.22621.0=h57928b3_1 @ 29f41490
urllib3=2.4.0=pyhd8ed1ab_0 @ 2cda1526
vc=14.3=h2b53caa_26 @ 29f41490
vc14_runtime=14.42.34438=hfd919c2_26 @ 29f41490
vs2015_runtime=14.42.34438=h7142326_26 @ 29f41490
wheel=0.45.1=pyhd8ed1ab_1 @ 2cda1526
win_inet_pton=1.1.0=pyh7428d3b_8 @ 2cda1526
yaml=0.2.5=h8ffe710_2 @ 5332150e
yarl=1.20.0=py312h31fea79_0 @ 8c491a1c
zipp=3.22.0=pyhd8ed1ab_0 @ 2cda1526
zstandard=0.23.0=py312h4389bb4_2 @ 8c491a1c
zstd=1.5.7=hbeecb71_2 @ 29f41490

[pip]

[conda-metadata]
29f41490 - win-64 @ conda @ ri.transforms.python.artifacts.repository
2cda1526 - noarch @ conda @ ri.transforms.python.artifacts.repository
5332150e - win-64 @ tar.bz2 @ ri.transforms.python.artifacts.repository
586315a4 - noarch @ tar.bz2 @ ri.transforms.python.artifacts.repository
8c491a1c - win-64 @ conda @ ri.artifacts.repository.artifactory.external-conda-forge
931c1ab2 - noarch @ conda @ ri.artifacts.repository.artifactory.external-conda-forge
a7991665 - win-64 @ tar.bz2 @ ri.artifacts.repository.python-library.models
aeac16fb - noarch @ tar.bz2 @ ri.artifacts.repository.python-library.models

[pip-indices]
ri.stemma.main.repository.a9550cf0-488f-419f-b935-9004e067b93f

[cran-repos]
ri.stemma.main.repository.a9550cf0-488f-419f-b935-9004e067b93f

[conda lock version]
v3 - 81d0afcfa8a9183ea07d9052dc49b817d116e5b00d58181333b771960f6dbe2a
